
Microsoft Visual Studio Solution File, Format Version 12.00
# Visual Studio Version 17
VisualStudioVersion = 17.13.35913.81 d17.13
MinimumVisualStudioVersion = 10.0.40219.1
Project("{FAE04EC0-301F-11D3-BF4B-00C04F79EFBC}") = "API", "API\API.csproj", "{2FDFFEFC-D259-4EAE-A3FC-A45ED32FF5BB}"
EndProject
Project("{FAE04EC0-301F-11D3-BF4B-00C04F79EFBC}") = "Infrastructure", "Infrastructure\Infrastructure.csproj", "{F77148D6-D72D-4BEC-8D82-3F11C2DCA274}"
EndProject
Project("{FAE04EC0-301F-11D3-BF4B-00C04F79EFBC}") = "Core", "Core\Core.csproj", "{59EE0749-5CD4-4384-BBA7-152565BDD8FA}"
EndProject
Global
	GlobalSection(SolutionConfigurationPlatforms) = preSolution
		Debug|Any CPU = Debug|Any CPU
		Release|Any CPU = Release|Any CPU
	EndGlobalSection
	GlobalSection(ProjectConfigurationPlatforms) = postSolution
		{2FDFFEFC-D259-4EAE-A3FC-A45ED32FF5BB}.Debug|Any CPU.ActiveCfg = Debug|Any CPU
		{2FDFFEFC-D259-4EAE-A3FC-A45ED32FF5BB}.Debug|Any CPU.Build.0 = Debug|Any CPU
		{2FDFFEFC-D259-4EAE-A3FC-A45ED32FF5BB}.Release|Any CPU.ActiveCfg = Release|Any CPU
		{2FDFFEFC-D259-4EAE-A3FC-A45ED32FF5BB}.Release|Any CPU.Build.0 = Release|Any CPU
		{F77148D6-D72D-4BEC-8D82-3F11C2DCA274}.Debug|Any CPU.ActiveCfg = Debug|Any CPU
		{F77148D6-D72D-4BEC-8D82-3F11C2DCA274}.Debug|Any CPU.Build.0 = Debug|Any CPU
		{F77148D6-D72D-4BEC-8D82-3F11C2DCA274}.Release|Any CPU.ActiveCfg = Release|Any CPU
		{F77148D6-D72D-4BEC-8D82-3F11C2DCA274}.Release|Any CPU.Build.0 = Release|Any CPU
		{59EE0749-5CD4-4384-BBA7-152565BDD8FA}.Debug|Any CPU.ActiveCfg = Debug|Any CPU
		{59EE0749-5CD4-4384-BBA7-152565BDD8FA}.Debug|Any CPU.Build.0 = Debug|Any CPU
		{59EE0749-5CD4-4384-BBA7-152565BDD8FA}.Release|Any CPU.ActiveCfg = Release|Any CPU
		{59EE0749-5CD4-4384-BBA7-152565BDD8FA}.Release|Any CPU.Build.0 = Release|Any CPU
	EndGlobalSection
	GlobalSection(SolutionProperties) = preSolution
		HideSolutionNode = FALSE
	EndGlobalSection
	GlobalSection(ExtensibilityGlobals) = postSolution
		SolutionGuid = {995309BF-ABE1-4F27-8057-79E3193FB71D}
	EndGlobalSection
EndGlobal
